
Microsoft Visual Studio Solution File, Format Version 12.00
Project("{2150E333-8FDC-42A3-9474-1A3956D46DE8}") = "src", "src", "{80E72681-E0E1-4494-96E5-B0B6952FEB0B}"
EndProject
Project("{FAE04EC0-301F-11D3-BF4B-00C04F79EFBC}") = "Engine.Mathematics", "src\Engine.Mathematics\Engine.Mathematics.csproj", "{6D412C99-CC6C-49FF-AD14-253E4FA90587}"
EndProject
Project("{FAE04EC0-301F-11D3-BF4B-00C04F79EFBC}") = "Engine.Physics", "src\Engine.Physics\Engine.Physics.csproj", "{60E736C8-3E4B-4EFC-8FE3-EA1D037C5884}"
EndProject
Project("{2150E333-8FDC-42A3-9474-1A3956D46DE8}") = "tools", "tools", "{01E99DE0-B982-4420-A6E2-A5E0857767D7}"
EndProject
Project("{FAE04EC0-301F-11D3-BF4B-00C04F79EFBC}") = "AssetCooker", "tools\AssetCooker\AssetCooker.csproj", "{FC7BD983-3550-4D57-9796-033881AF7E45}"
EndProject
Project("{FAE04EC0-301F-11D3-BF4B-00C04F79EFBC}") = "Engine.Resources", "src\Engine.Resources\Engine.Resources.csproj", "{7C08B513-379E-46B3-8F82-70212ED25221}"
EndProject
Project("{FAE04EC0-301F-11D3-BF4B-00C04F79EFBC}") = "Editor.Application", "src\Editor.Application\Editor.Application.csproj", "{FA902445-63FD-42AF-BD8C-D1EC1507811F}"
EndProject
Project("{FAE04EC0-301F-11D3-BF4B-00C04F79EFBC}") = "Engine.Abstractions", "src\Engine.Abstractions\Engine.Abstractions.csproj", "{83195C01-E943-408A-B4E1-8D992858054B}"
EndProject
Project("{FAE04EC0-301F-11D3-BF4B-00C04F79EFBC}") = "Engine.Networking", "src\Engine.Networking\Engine.Networking.csproj", "{5C3C8284-1E0E-4529-BDB4-FD378A786FD1}"
EndProject
Project("{FAE04EC0-301F-11D3-BF4B-00C04F79EFBC}") = "Engine.Graphics", "src\Engine.Graphics\Engine.Graphics.csproj", "{E9E7FD03-B3B1-4667-AB43-75296136C7B1}"
EndProject
Project("{FAE04EC0-301F-11D3-BF4B-00C04F79EFBC}") = "Engine.Interop", "src\Engine.Interop\Engine.Interop.csproj", "{3D7F2CA6-4565-4FFB-8B5E-5ECFD54341D2}"
EndProject
Project("{FAE04EC0-301F-11D3-BF4B-00C04F79EFBC}") = "Engine.Platform", "src\Engine.Platform\Engine.Platform.csproj", "{96EBD9F1-606C-445A-AC57-8B5B5764CE7F}"
EndProject
Project("{FAE04EC0-301F-11D3-BF4B-00C04F79EFBC}") = "Engine.Runtime", "src\Engine.Runtime\Engine.Runtime.csproj", "{BC295B85-24F7-408B-B6E1-A9432D283E3F}"
EndProject
Global
	GlobalSection(SolutionConfigurationPlatforms) = preSolution
		Debug|Any CPU = Debug|Any CPU
		Release|Any CPU = Release|Any CPU
	EndGlobalSection
	GlobalSection(ProjectConfigurationPlatforms) = postSolution
		{6D412C99-CC6C-49FF-AD14-253E4FA90587}.Debug|Any CPU.ActiveCfg = Debug|Any CPU
		{6D412C99-CC6C-49FF-AD14-253E4FA90587}.Debug|Any CPU.Build.0 = Debug|Any CPU
		{6D412C99-CC6C-49FF-AD14-253E4FA90587}.Release|Any CPU.ActiveCfg = Release|Any CPU
		{6D412C99-CC6C-49FF-AD14-253E4FA90587}.Release|Any CPU.Build.0 = Release|Any CPU
		{60E736C8-3E4B-4EFC-8FE3-EA1D037C5884}.Debug|Any CPU.ActiveCfg = Debug|Any CPU
		{60E736C8-3E4B-4EFC-8FE3-EA1D037C5884}.Debug|Any CPU.Build.0 = Debug|Any CPU
		{60E736C8-3E4B-4EFC-8FE3-EA1D037C5884}.Release|Any CPU.ActiveCfg = Release|Any CPU
		{60E736C8-3E4B-4EFC-8FE3-EA1D037C5884}.Release|Any CPU.Build.0 = Release|Any CPU
		{FC7BD983-3550-4D57-9796-033881AF7E45}.Debug|Any CPU.ActiveCfg = Debug|Any CPU
		{FC7BD983-3550-4D57-9796-033881AF7E45}.Debug|Any CPU.Build.0 = Debug|Any CPU
		{FC7BD983-3550-4D57-9796-033881AF7E45}.Release|Any CPU.ActiveCfg = Release|Any CPU
		{FC7BD983-3550-4D57-9796-033881AF7E45}.Release|Any CPU.Build.0 = Release|Any CPU
		{7C08B513-379E-46B3-8F82-70212ED25221}.Debug|Any CPU.ActiveCfg = Debug|Any CPU
		{7C08B513-379E-46B3-8F82-70212ED25221}.Debug|Any CPU.Build.0 = Debug|Any CPU
		{7C08B513-379E-46B3-8F82-70212ED25221}.Release|Any CPU.ActiveCfg = Release|Any CPU
		{7C08B513-379E-46B3-8F82-70212ED25221}.Release|Any CPU.Build.0 = Release|Any CPU
		{FA902445-63FD-42AF-BD8C-D1EC1507811F}.Debug|Any CPU.ActiveCfg = Debug|Any CPU
		{FA902445-63FD-42AF-BD8C-D1EC1507811F}.Debug|Any CPU.Build.0 = Debug|Any CPU
		{FA902445-63FD-42AF-BD8C-D1EC1507811F}.Release|Any CPU.ActiveCfg = Release|Any CPU
		{FA902445-63FD-42AF-BD8C-D1EC1507811F}.Release|Any CPU.Build.0 = Release|Any CPU
		{83195C01-E943-408A-B4E1-8D992858054B}.Debug|Any CPU.ActiveCfg = Debug|Any CPU
		{83195C01-E943-408A-B4E1-8D992858054B}.Debug|Any CPU.Build.0 = Debug|Any CPU
		{83195C01-E943-408A-B4E1-8D992858054B}.Release|Any CPU.ActiveCfg = Release|Any CPU
		{83195C01-E943-408A-B4E1-8D992858054B}.Release|Any CPU.Build.0 = Release|Any CPU
		{5C3C8284-1E0E-4529-BDB4-FD378A786FD1}.Debug|Any CPU.ActiveCfg = Debug|Any CPU
		{5C3C8284-1E0E-4529-BDB4-FD378A786FD1}.Debug|Any CPU.Build.0 = Debug|Any CPU
		{5C3C8284-1E0E-4529-BDB4-FD378A786FD1}.Release|Any CPU.ActiveCfg = Release|Any CPU
		{5C3C8284-1E0E-4529-BDB4-FD378A786FD1}.Release|Any CPU.Build.0 = Release|Any CPU
		{E9E7FD03-B3B1-4667-AB43-75296136C7B1}.Debug|Any CPU.ActiveCfg = Debug|Any CPU
		{E9E7FD03-B3B1-4667-AB43-75296136C7B1}.Debug|Any CPU.Build.0 = Debug|Any CPU
		{E9E7FD03-B3B1-4667-AB43-75296136C7B1}.Release|Any CPU.ActiveCfg = Release|Any CPU
		{E9E7FD03-B3B1-4667-AB43-75296136C7B1}.Release|Any CPU.Build.0 = Release|Any CPU
		{3D7F2CA6-4565-4FFB-8B5E-5ECFD54341D2}.Debug|Any CPU.ActiveCfg = Debug|Any CPU
		{3D7F2CA6-4565-4FFB-8B5E-5ECFD54341D2}.Debug|Any CPU.Build.0 = Debug|Any CPU
		{3D7F2CA6-4565-4FFB-8B5E-5ECFD54341D2}.Release|Any CPU.ActiveCfg = Release|Any CPU
		{3D7F2CA6-4565-4FFB-8B5E-5ECFD54341D2}.Release|Any CPU.Build.0 = Release|Any CPU
		{96EBD9F1-606C-445A-AC57-8B5B5764CE7F}.Debug|Any CPU.ActiveCfg = Debug|Any CPU
		{96EBD9F1-606C-445A-AC57-8B5B5764CE7F}.Debug|Any CPU.Build.0 = Debug|Any CPU
		{96EBD9F1-606C-445A-AC57-8B5B5764CE7F}.Release|Any CPU.ActiveCfg = Release|Any CPU
		{96EBD9F1-606C-445A-AC57-8B5B5764CE7F}.Release|Any CPU.Build.0 = Release|Any CPU
		{BC295B85-24F7-408B-B6E1-A9432D283E3F}.Debug|Any CPU.ActiveCfg = Debug|Any CPU
		{BC295B85-24F7-408B-B6E1-A9432D283E3F}.Debug|Any CPU.Build.0 = Debug|Any CPU
		{BC295B85-24F7-408B-B6E1-A9432D283E3F}.Release|Any CPU.ActiveCfg = Release|Any CPU
		{BC295B85-24F7-408B-B6E1-A9432D283E3F}.Release|Any CPU.Build.0 = Release|Any CPU
	EndGlobalSection
	GlobalSection(NestedProjects) = preSolution
		{6D412C99-CC6C-49FF-AD14-253E4FA90587} = {80E72681-E0E1-4494-96E5-B0B6952FEB0B}
		{60E736C8-3E4B-4EFC-8FE3-EA1D037C5884} = {80E72681-E0E1-4494-96E5-B0B6952FEB0B}
		{FC7BD983-3550-4D57-9796-033881AF7E45} = {01E99DE0-B982-4420-A6E2-A5E0857767D7}
		{7C08B513-379E-46B3-8F82-70212ED25221} = {80E72681-E0E1-4494-96E5-B0B6952FEB0B}
		{FA902445-63FD-42AF-BD8C-D1EC1507811F} = {80E72681-E0E1-4494-96E5-B0B6952FEB0B}
		{83195C01-E943-408A-B4E1-8D992858054B} = {80E72681-E0E1-4494-96E5-B0B6952FEB0B}
		{5C3C8284-1E0E-4529-BDB4-FD378A786FD1} = {80E72681-E0E1-4494-96E5-B0B6952FEB0B}
		{E9E7FD03-B3B1-4667-AB43-75296136C7B1} = {80E72681-E0E1-4494-96E5-B0B6952FEB0B}
		{3D7F2CA6-4565-4FFB-8B5E-5ECFD54341D2} = {80E72681-E0E1-4494-96E5-B0B6952FEB0B}
		{96EBD9F1-606C-445A-AC57-8B5B5764CE7F} = {80E72681-E0E1-4494-96E5-B0B6952FEB0B}
		{BC295B85-24F7-408B-B6E1-A9432D283E3F} = {80E72681-E0E1-4494-96E5-B0B6952FEB0B}
	EndGlobalSection
EndGlobal
