
Microsoft Visual Studio Solution File, Format Version 12.00
Project("{FAE04EC0-301F-11D3-BF4B-00C04F79EFBC}") = "Vyrse.Host", "src\Vyrse.Host\Vyrse.Host.csproj", "{DE3A1AB8-4773-7C6B-3BE7-08A55C0DED27}"
EndProject
Project("{FAE04EC0-301F-11D3-BF4B-00C04F79EFBC}") = "Vyrse.Interop.Generated", "src\Vyrse.Interop.Generated\Vyrse.Interop.Generated.csproj", "{83FC9ABE-2541-95CE-5841-848FCF877EAD}"
EndProject
Project("{FAE04EC0-301F-11D3-BF4B-00C04F79EFBC}") = "Vyrse.Interop.Windows", "src\Vyrse.Interop.Windows\Vyrse.Interop.Windows.csproj", "{9E37274D-CAC7-63BF-9444-1CC5F562D437}"
EndProject
Project("{FAE04EC0-301F-11D3-BF4B-00C04F79EFBC}") = "Vyrse", "src\Vyrse\Vyrse.csproj", "{7D92FDD7-13B8-9536-816D-511B61CA52C6}"
EndProject
Project("{FAE04EC0-301F-11D3-BF4B-00C04F79EFBC}") = "Vyrse.Roslyn.Generators", "src\Vyrse.Roslyn.Generators\Vyrse.Roslyn.Generators.csproj", "{2A874864-0B8B-BB38-49B2-D3B72B3EF4C7}"
EndProject
Project("{FAE04EC0-301F-11D3-BF4B-00C04F79EFBC}") = "Vyrse.Interop.Cef", "src\Vyrse.Interop.Cef\Vyrse.Interop.Cef.csproj", "{C50AE2E9-E3A8-4664-8F9C-412C7E9E11E5}"
EndProject
Project("{2150E333-8FDC-42A3-9474-1A3956D46DE8}") = "Tools", "Tools", "{9B0C52DC-B29E-43D0-991D-4AA91A527FA6}"
EndProject
Project("{FAE04EC0-301F-11D3-BF4B-00C04F79EFBC}") = "Unmanaged.Generator", "src\Tools\Unmanaged.Generator\Unmanaged.Generator.csproj", "{748038D1-51C0-4070-B26B-A8415C9F49E4}"
EndProject
Global
	GlobalSection(SolutionConfigurationPlatforms) = preSolution
		Debug|Any CPU = Debug|Any CPU
		Release|Any CPU = Release|Any CPU
	EndGlobalSection
	GlobalSection(ProjectConfigurationPlatforms) = postSolution
		{DE3A1AB8-4773-7C6B-3BE7-08A55C0DED27}.Debug|Any CPU.ActiveCfg = Debug|Any CPU
		{DE3A1AB8-4773-7C6B-3BE7-08A55C0DED27}.Release|Any CPU.ActiveCfg = Release|Any CPU
		{DE3A1AB8-4773-7C6B-3BE7-08A55C0DED27}.Release|Any CPU.Build.0 = Release|Any CPU
		{DE3A1AB8-4773-7C6B-3BE7-08A55C0DED27}.Debug|Any CPU.Build.0 = Debug|Any CPU
		{83FC9ABE-2541-95CE-5841-848FCF877EAD}.Debug|Any CPU.ActiveCfg = Debug|Any CPU
		{83FC9ABE-2541-95CE-5841-848FCF877EAD}.Release|Any CPU.ActiveCfg = Release|Any CPU
		{83FC9ABE-2541-95CE-5841-848FCF877EAD}.Release|Any CPU.Build.0 = Release|Any CPU
		{83FC9ABE-2541-95CE-5841-848FCF877EAD}.Debug|Any CPU.Build.0 = Debug|Any CPU
		{9E37274D-CAC7-63BF-9444-1CC5F562D437}.Debug|Any CPU.ActiveCfg = Debug|Any CPU
		{9E37274D-CAC7-63BF-9444-1CC5F562D437}.Release|Any CPU.ActiveCfg = Release|Any CPU
		{9E37274D-CAC7-63BF-9444-1CC5F562D437}.Release|Any CPU.Build.0 = Release|Any CPU
		{9E37274D-CAC7-63BF-9444-1CC5F562D437}.Debug|Any CPU.Build.0 = Debug|Any CPU
		{7D92FDD7-13B8-9536-816D-511B61CA52C6}.Debug|Any CPU.ActiveCfg = Debug|Any CPU
		{7D92FDD7-13B8-9536-816D-511B61CA52C6}.Release|Any CPU.ActiveCfg = Release|Any CPU
		{7D92FDD7-13B8-9536-816D-511B61CA52C6}.Release|Any CPU.Build.0 = Release|Any CPU
		{7D92FDD7-13B8-9536-816D-511B61CA52C6}.Debug|Any CPU.Build.0 = Debug|Any CPU
		{2A874864-0B8B-BB38-49B2-D3B72B3EF4C7}.Debug|Any CPU.ActiveCfg = Debug|Any CPU
		{2A874864-0B8B-BB38-49B2-D3B72B3EF4C7}.Release|Any CPU.ActiveCfg = Release|Any CPU
		{2A874864-0B8B-BB38-49B2-D3B72B3EF4C7}.Release|Any CPU.Build.0 = Release|Any CPU
		{2A874864-0B8B-BB38-49B2-D3B72B3EF4C7}.Debug|Any CPU.Build.0 = Debug|Any CPU
		{C50AE2E9-E3A8-4664-8F9C-412C7E9E11E5}.Debug|Any CPU.ActiveCfg = Debug|Any CPU
		{C50AE2E9-E3A8-4664-8F9C-412C7E9E11E5}.Release|Any CPU.ActiveCfg = Release|Any CPU
		{C50AE2E9-E3A8-4664-8F9C-412C7E9E11E5}.Release|Any CPU.Build.0 = Release|Any CPU
		{C50AE2E9-E3A8-4664-8F9C-412C7E9E11E5}.Debug|Any CPU.Build.0 = Debug|Any CPU
		{748038D1-51C0-4070-B26B-A8415C9F49E4}.Debug|Any CPU.ActiveCfg = Debug|x64
		{748038D1-51C0-4070-B26B-A8415C9F49E4}.Debug|Any CPU.Build.0 = Debug|x64
		{748038D1-51C0-4070-B26B-A8415C9F49E4}.Release|Any CPU.ActiveCfg = Release|x64
		{748038D1-51C0-4070-B26B-A8415C9F49E4}.Release|Any CPU.Build.0 = Release|x64
	EndGlobalSection
	GlobalSection(NestedProjects) = preSolution
		{748038D1-51C0-4070-B26B-A8415C9F49E4} = {9B0C52DC-B29E-43D0-991D-4AA91A527FA6}
	EndGlobalSection
EndGlobal
